
Microsoft Visual Studio Solution File, Format Version 12.00
# Visual Studio 2012
Project("{FAE04EC0-301F-11D3-BF4B-00C04F79EFBC}") = "RomanNumerals", "RomanNumerals.csproj", "{12F9500C-95FC-43A2-86D3-23FB27298C84}"
EndProject
Global
	GlobalSection(SolutionConfigurationPlatforms) = preSolution
		Debug|Any CPU = Debug|Any CPU
		Release|Any CPU = Release|Any CPU
	EndGlobalSection
	GlobalSection(ProjectConfigurationPlatforms) = postSolution
		{12F9500C-95FC-43A2-86D3-23FB27298C84}.Debug|Any CPU.ActiveCfg = Debug|Any CPU
		{12F9500C-95FC-43A2-86D3-23FB27298C84}.Debug|Any CPU.Build.0 = Debug|Any CPU
		{12F9500C-95FC-43A2-86D3-23FB27298C84}.Release|Any CPU.ActiveCfg = Release|Any CPU
		{12F9500C-95FC-43A2-86D3-23FB27298C84}.Release|Any CPU.Build.0 = Release|Any CPU
	EndGlobalSection
	GlobalSection(SolutionProperties) = preSolution
		HideSolutionNode = FALSE
	EndGlobalSection
EndGlobal
